
Microsoft Visual Studio Solution File, Format Version 11.00
# Visual Studio 2010
Project("{FAE04EC0-301F-11D3-BF4B-00C04F79EFBC}") = "Assembly-CSharp-firstpass", "Assembly-CSharp-firstpass.csproj", "{b080c4c4-a9c0-e8c1-f668-6bfb5a8dcb99}"
EndProject
Project("{FAE04EC0-301F-11D3-BF4B-00C04F79EFBC}") = "Assembly-CSharp", "Assembly-CSharp.csproj", "{f244d61c-98ae-bfcc-753c-fd5f1d9ce3bd}"
EndProject
Project("{FAE04EC0-301F-11D3-BF4B-00C04F79EFBC}") = "Assembly-CSharp-Editor-firstpass", "Assembly-CSharp-Editor-firstpass.csproj", "{a397e4a6-7bac-8cf5-2756-a403013001d3}"
EndProject
Project("{FAE04EC0-301F-11D3-BF4B-00C04F79EFBC}") = "Assembly-CSharp-Editor", "Assembly-CSharp-Editor.csproj", "{61ac058a-a052-5066-a32b-53a58418a7b1}"
EndProject
Global
	GlobalSection(SolutionConfigurationPlatforms) = preSolution
		Debug|Any CPU = Debug|Any CPU
	EndGlobalSection
	GlobalSection(ProjectConfigurationPlatforms) = postSolution
		{b080c4c4-a9c0-e8c1-f668-6bfb5a8dcb99}.Debug|Any CPU.ActiveCfg = Debug|Any CPU
		{b080c4c4-a9c0-e8c1-f668-6bfb5a8dcb99}.Debug|Any CPU.Build.0 = Debug|Any CPU
		{f244d61c-98ae-bfcc-753c-fd5f1d9ce3bd}.Debug|Any CPU.ActiveCfg = Debug|Any CPU
		{f244d61c-98ae-bfcc-753c-fd5f1d9ce3bd}.Debug|Any CPU.Build.0 = Debug|Any CPU
		{a397e4a6-7bac-8cf5-2756-a403013001d3}.Debug|Any CPU.ActiveCfg = Debug|Any CPU
		{a397e4a6-7bac-8cf5-2756-a403013001d3}.Debug|Any CPU.Build.0 = Debug|Any CPU
		{61ac058a-a052-5066-a32b-53a58418a7b1}.Debug|Any CPU.ActiveCfg = Debug|Any CPU
		{61ac058a-a052-5066-a32b-53a58418a7b1}.Debug|Any CPU.Build.0 = Debug|Any CPU
	EndGlobalSection
	GlobalSection(SolutionProperties) = preSolution
		HideSolutionNode = FALSE
	EndGlobalSection
EndGlobal
